
Microsoft Visual Studio Solution File, Format Version 12.00
# Visual Studio Version 17
VisualStudioVersion = 17.0.31612.314
MinimumVisualStudioVersion = 10.0.40219.1
Project("{FAE04EC0-301F-11D3-BF4B-00C04F79EFBC}") = "Application", "Application\Application.csproj", "{A5E0558E-DE51-473A-97D8-9F203B398229}"
EndProject
Project("{FAE04EC0-301F-11D3-BF4B-00C04F79EFBC}") = "Data", "Data\Data.csproj", "{8460EC63-644D-4BB8-80B3-FE1E5A3FE5F3}"
EndProject
Project("{FAE04EC0-301F-11D3-BF4B-00C04F79EFBC}") = "Entity", "Entity\Entity.csproj", "{B10FB481-3468-44F4-8120-065DD88EFACD}"
EndProject
Project("{FAE04EC0-301F-11D3-BF4B-00C04F79EFBC}") = "Service", "Service\Service.csproj", "{FFBE657D-7EB6-4273-8F69-260A619CD603}"
EndProject
Project("{FAE04EC0-301F-11D3-BF4B-00C04F79EFBC}") = "Utility", "Utility\Utility.csproj", "{9559BE39-9022-460F-ACF1-DFAB5B153508}"
EndProject
Global
	GlobalSection(SolutionConfigurationPlatforms) = preSolution
		Debug|Any CPU = Debug|Any CPU
		Release|Any CPU = Release|Any CPU
	EndGlobalSection
	GlobalSection(ProjectConfigurationPlatforms) = postSolution
		{A5E0558E-DE51-473A-97D8-9F203B398229}.Debug|Any CPU.ActiveCfg = Debug|Any CPU
		{A5E0558E-DE51-473A-97D8-9F203B398229}.Debug|Any CPU.Build.0 = Debug|Any CPU
		{A5E0558E-DE51-473A-97D8-9F203B398229}.Release|Any CPU.ActiveCfg = Release|Any CPU
		{A5E0558E-DE51-473A-97D8-9F203B398229}.Release|Any CPU.Build.0 = Release|Any CPU
		{8460EC63-644D-4BB8-80B3-FE1E5A3FE5F3}.Debug|Any CPU.ActiveCfg = Debug|Any CPU
		{8460EC63-644D-4BB8-80B3-FE1E5A3FE5F3}.Debug|Any CPU.Build.0 = Debug|Any CPU
		{8460EC63-644D-4BB8-80B3-FE1E5A3FE5F3}.Release|Any CPU.ActiveCfg = Release|Any CPU
		{8460EC63-644D-4BB8-80B3-FE1E5A3FE5F3}.Release|Any CPU.Build.0 = Release|Any CPU
		{B10FB481-3468-44F4-8120-065DD88EFACD}.Debug|Any CPU.ActiveCfg = Debug|Any CPU
		{B10FB481-3468-44F4-8120-065DD88EFACD}.Debug|Any CPU.Build.0 = Debug|Any CPU
		{B10FB481-3468-44F4-8120-065DD88EFACD}.Release|Any CPU.ActiveCfg = Release|Any CPU
		{B10FB481-3468-44F4-8120-065DD88EFACD}.Release|Any CPU.Build.0 = Release|Any CPU
		{FFBE657D-7EB6-4273-8F69-260A619CD603}.Debug|Any CPU.ActiveCfg = Debug|Any CPU
		{FFBE657D-7EB6-4273-8F69-260A619CD603}.Debug|Any CPU.Build.0 = Debug|Any CPU
		{FFBE657D-7EB6-4273-8F69-260A619CD603}.Release|Any CPU.ActiveCfg = Release|Any CPU
		{FFBE657D-7EB6-4273-8F69-260A619CD603}.Release|Any CPU.Build.0 = Release|Any CPU
		{9559BE39-9022-460F-ACF1-DFAB5B153508}.Debug|Any CPU.ActiveCfg = Debug|Any CPU
		{9559BE39-9022-460F-ACF1-DFAB5B153508}.Debug|Any CPU.Build.0 = Debug|Any CPU
		{9559BE39-9022-460F-ACF1-DFAB5B153508}.Release|Any CPU.ActiveCfg = Release|Any CPU
		{9559BE39-9022-460F-ACF1-DFAB5B153508}.Release|Any CPU.Build.0 = Release|Any CPU
	EndGlobalSection
	GlobalSection(SolutionProperties) = preSolution
		HideSolutionNode = FALSE
	EndGlobalSection
	GlobalSection(ExtensibilityGlobals) = postSolution
		SolutionGuid = {2B0A6C40-6B62-45E8-9068-FCA6A0839DF7}
	EndGlobalSection
EndGlobal
